// !$*UTF8*$!
{
	archiveVersion = 1;
	classes = {
	};
	objectVersion = 50;
	objects = {

/* Begin PBXBuildFile section */
		3F4E608B21E1F8E3004D48E9 /* AppDelegate.m in Sources */ = {isa = PBXBuildFile; fileRef = 3F4E608A21E1F8E3004D48E9 /* AppDelegate.m */; };
		3F4E608E21E1F8E3004D48E9 /* ViewController.m in Sources */ = {isa = PBXBuildFile; fileRef = 3F4E608D21E1F8E3004D48E9 /* ViewController.m */; };
		3F4E609121E1F8E3004D48E9 /* Main.storyboard in Resources */ = {isa = PBXBuildFile; fileRef = 3F4E608F21E1F8E3004D48E9 /* Main.storyboard */; };
		3F4E609321E1F8E7004D48E9 /* Assets.xcassets in Resources */ = {isa = PBXBuildFile; fileRef = 3F4E609221E1F8E7004D48E9 /* Assets.xcassets */; };
		3F4E609621E1F8E7004D48E9 /* LaunchScreen.storyboard in Resources */ = {isa = PBXBuildFile; fileRef = 3F4E609421E1F8E7004D48E9 /* LaunchScreen.storyboard */; };
		3F4E609921E1F8E7004D48E9 /* main.m in Sources */ = {isa = PBXBuildFile; fileRef = 3F4E609821E1F8E7004D48E9 /* main.m */; };
		3F4E60A321E1F8E7004D48E9 /* ProvaSTests.m in Sources */ = {isa = PBXBuildFile; fileRef = 3F4E60A221E1F8E7004D48E9 /* ProvaSTests.m */; };
		3F4E60AE21E1F8E7004D48E9 /* ProvaSUITests.m in Sources */ = {isa = PBXBuildFile; fileRef = 3F4E60AD21E1F8E7004D48E9 /* ProvaSUITests.m */; };
/* End PBXBuildFile section */

/* Begin PBXContainerItemProxy section */
		3F4E609F21E1F8E7004D48E9 /* PBXContainerItemProxy */ = {
			isa = PBXContainerItemProxy;
			containerPortal = 3F4E607E21E1F8E3004D48E9 /* Project object */;
			proxyType = 1;
			remoteGlobalIDString = 3F4E608521E1F8E3004D48E9;
			remoteInfo = ProvaS;
		};
		3F4E60AA21E1F8E7004D48E9 /* PBXContainerItemProxy */ = {
			isa = PBXContainerItemProxy;
			containerPortal = 3F4E607E21E1F8E3004D48E9 /* Project object */;
			proxyType = 1;
			remoteGlobalIDString = 3F4E608521E1F8E3004D48E9;
			remoteInfo = ProvaS;
		};
/* End PBXContainerItemProxy section */

/* Begin PBXFileReference section */
		3F4E608621E1F8E3004D48E9 /* ProvaS.app */ = {isa = PBXFileReference; explicitFileType = wrapper.application; includeInIndex = 0; path = ProvaS.app; sourceTree = BUILT_PRODUCTS_DIR; };
		3F4E608921E1F8E3004D48E9 /* AppDelegate.h */ = {isa = PBXFileReference; lastKnownFileType = sourcecode.c.h; path = AppDelegate.h; sourceTree = "<group>"; };
		3F4E608A21E1F8E3004D48E9 /* AppDelegate.m */ = {isa = PBXFileReference; lastKnownFileType = sourcecode.c.objc; path = AppDelegate.m; sourceTree = "<group>"; };
		3F4E608C21E1F8E3004D48E9 /* ViewController.h */ = {isa = PBXFileReference; lastKnownFileType = sourcecode.c.h; path = ViewController.h; sourceTree = "<group>"; };
		3F4E608D21E1F8E3004D48E9 /* ViewController.m */ = {isa = PBXFileReference; lastKnownFileType = sourcecode.c.objc; path = ViewController.m; sourceTree = "<group>"; };
		3F4E609021E1F8E3004D48E9 /* Base */ = {isa = PBXFileReference; lastKnownFileType = file.storyboard; name = Base; path = Base.lproj/Main.storyboard; sourceTree = "<group>"; };
		3F4E609221E1F8E7004D48E9 /* Assets.xcassets */ = {isa = PBXFileReference; lastKnownFileType = folder.assetcatalog; path = Assets.xcassets; sourceTree = "<group>"; };
		3F4E609521E1F8E7004D48E9 /* Base */ = {isa = PBXFileReference; lastKnownFileType = file.storyboard; name = Base; path = Base.lproj/LaunchScreen.storyboard; sourceTree = "<group>"; };
		3F4E609721E1F8E7004D48E9 /* Info.plist */ = {isa = PBXFileReference; lastKnownFileType = text.plist.xml; path = Info.plist; sourceTree = "<group>"; };
		3F4E609821E1F8E7004D48E9 /* main.m */ = {isa = PBXFileReference; lastKnownFileType = sourcecode.c.objc; path = main.m; sourceTree = "<group>"; };
		3F4E609E21E1F8E7004D48E9 /* ProvaSTests.xctest */ = {isa = PBXFileReference; explicitFileType = wrapper.cfbundle; includeInIndex = 0; path = ProvaSTests.xctest; sourceTree = BUILT_PRODUCTS_DIR; };
		3F4E60A221E1F8E7004D48E9 /* ProvaSTests.m */ = {isa = PBXFileReference; lastKnownFileType = sourcecode.c.objc; path = ProvaSTests.m; sourceTree = "<group>"; };
		3F4E60A421E1F8E7004D48E9 /* Info.plist */ = {isa = PBXFileReference; lastKnownFileType = text.plist.xml; path = Info.plist; sourceTree = "<group>"; };
		3F4E60A921E1F8E7004D48E9 /* ProvaSUITests.xctest */ = {isa = PBXFileReference; explicitFileType = wrapper.cfbundle; includeInIndex = 0; path = ProvaSUITests.xctest; sourceTree = BUILT_PRODUCTS_DIR; };
		3F4E60AD21E1F8E7004D48E9 /* ProvaSUITests.m */ = {isa = PBXFileReference; lastKnownFileType = sourcecode.c.objc; path = ProvaSUITests.m; sourceTree = "<group>"; };
		3F4E60AF21E1F8E7004D48E9 /* Info.plist */ = {isa = PBXFileReference; lastKnownFileType = text.plist.xml; path = Info.plist; sourceTree = "<group>"; };
/* End PBXFileReference section */

/* Begin PBXFrameworksBuildPhase section */
		3F4E608321E1F8E3004D48E9 /* Frameworks */ = {
			isa = PBXFrameworksBuildPhase;
			buildActionMask = 2147483647;
			files = (
			);
			runOnlyForDeploymentPostprocessing = 0;
		};
		3F4E609B21E1F8E7004D48E9 /* Frameworks */ = {
			isa = PBXFrameworksBuildPhase;
			buildActionMask = 2147483647;
			files = (
			);
			runOnlyForDeploymentPostprocessing = 0;
		};
		3F4E60A621E1F8E7004D48E9 /* Frameworks */ = {
			isa = PBXFrameworksBuildPhase;
			buildActionMask = 2147483647;
			files = (
			);
			runOnlyForDeploymentPostprocessing = 0;
		};
/* End PBXFrameworksBuildPhase section */

/* Begin PBXGroup section */
		3F4E607D21E1F8E3004D48E9 = {
			isa = PBXGroup;
			children = (
				3F4E608821E1F8E3004D48E9 /* ProvaS */,
				3F4E60A121E1F8E7004D48E9 /* ProvaSTests */,
				3F4E60AC21E1F8E7004D48E9 /* ProvaSUITests */,
				3F4E608721E1F8E3004D48E9 /* Products */,
			);
			sourceTree = "<group>";
		};
		3F4E608721E1F8E3004D48E9 /* Products */ = {
			isa = PBXGroup;
			children = (
				3F4E608621E1F8E3004D48E9 /* ProvaS.app */,
				3F4E609E21E1F8E7004D48E9 /* ProvaSTests.xctest */,
				3F4E60A921E1F8E7004D48E9 /* ProvaSUITests.xctest */,
			);
			name = Products;
			sourceTree = "<group>";
		};
		3F4E608821E1F8E3004D48E9 /* ProvaS */ = {
			isa = PBXGroup;
			children = (
				3F4E608921E1F8E3004D48E9 /* AppDelegate.h */,
				3F4E608A21E1F8E3004D48E9 /* AppDelegate.m */,
				3F4E608C21E1F8E3004D48E9 /* ViewController.h */,
				3F4E608D21E1F8E3004D48E9 /* ViewController.m */,
				3F4E608F21E1F8E3004D48E9 /* Main.storyboard */,
				3F4E609221E1F8E7004D48E9 /* Assets.xcassets */,
				3F4E609421E1F8E7004D48E9 /* LaunchScreen.storyboard */,
				3F4E609721E1F8E7004D48E9 /* Info.plist */,
				3F4E609821E1F8E7004D48E9 /* main.m */,
			);
			path = ProvaS;
			sourceTree = "<group>";
		};
		3F4E60A121E1F8E7004D48E9 /* ProvaSTests */ = {
			isa = PBXGroup;
			children = (
				3F4E60A221E1F8E7004D48E9 /* ProvaSTests.m */,
				3F4E60A421E1F8E7004D48E9 /* Info.plist */,
			);
			path = ProvaSTests;
			sourceTree = "<group>";
		};
		3F4E60AC21E1F8E7004D48E9 /* ProvaSUITests */ = {
			isa = PBXGroup;
			children = (
				3F4E60AD21E1F8E7004D48E9 /* ProvaSUITests.m */,
				3F4E60AF21E1F8E7004D48E9 /* Info.plist */,
			);
			path = ProvaSUITests;
			sourceTree = "<group>";
		};
/* End PBXGroup section */

/* Begin PBXNativeTarget section */
		3F4E608521E1F8E3004D48E9 /* ProvaS */ = {
			isa = PBXNativeTarget;
			buildConfigurationList = 3F4E60B221E1F8E7004D48E9 /* Build configuration list for PBXNativeTarget "ProvaS" */;
			buildPhases = (
				3F4E608221E1F8E3004D48E9 /* Sources */,
				3F4E608321E1F8E3004D48E9 /* Frameworks */,
				3F4E608421E1F8E3004D48E9 /* Resources */,
			);
			buildRules = (
			);
			dependencies = (
			);
			name = ProvaS;
			productName = ProvaS;
			productReference = 3F4E608621E1F8E3004D48E9 /* ProvaS.app */;
			productType = "com.apple.product-type.application";
		};
		3F4E609D21E1F8E7004D48E9 /* ProvaSTests */ = {
			isa = PBXNativeTarget;
			buildConfigurationList = 3F4E60B521E1F8E7004D48E9 /* Build configuration list for PBXNativeTarget "ProvaSTests" */;
			buildPhases = (
				3F4E609A21E1F8E7004D48E9 /* Sources */,
				3F4E609B21E1F8E7004D48E9 /* Frameworks */,
				3F4E609C21E1F8E7004D48E9 /* Resources */,
			);
			buildRules = (
			);
			dependencies = (
				3F4E60A021E1F8E7004D48E9 /* PBXTargetDependency */,
			);
			name = ProvaSTests;
			productName = ProvaSTests;
			productReference = 3F4E609E21E1F8E7004D48E9 /* ProvaSTests.xctest */;
			productType = "com.apple.product-type.bundle.unit-test";
		};
		3F4E60A821E1F8E7004D48E9 /* ProvaSUITests */ = {
			isa = PBXNativeTarget;
			buildConfigurationList = 3F4E60B821E1F8E7004D48E9 /* Build configuration list for PBXNativeTarget "ProvaSUITests" */;
			buildPhases = (
				3F4E60A521E1F8E7004D48E9 /* Sources */,
				3F4E60A621E1F8E7004D48E9 /* Frameworks */,
				3F4E60A721E1F8E7004D48E9 /* Resources */,
			);
			buildRules = (
			);
			dependencies = (
				3F4E60AB21E1F8E7004D48E9 /* PBXTargetDependency */,
			);
			name = ProvaSUITests;
			productName = ProvaSUITests;
			productReference = 3F4E60A921E1F8E7004D48E9 /* ProvaSUITests.xctest */;
			productType = "com.apple.product-type.bundle.ui-testing";
		};
/* End PBXNativeTarget section */

/* Begin PBXProject section */
		3F4E607E21E1F8E3004D48E9 /* Project object */ = {
			isa = PBXProject;
			attributes = {
				LastUpgradeCheck = 1010;
				ORGANIZATIONNAME = mobilesapp;
				TargetAttributes = {
					3F4E608521E1F8E3004D48E9 = {
						CreatedOnToolsVersion = 10.1;
					};
					3F4E609D21E1F8E7004D48E9 = {
						CreatedOnToolsVersion = 10.1;
						TestTargetID = 3F4E608521E1F8E3004D48E9;
					};
					3F4E60A821E1F8E7004D48E9 = {
						CreatedOnToolsVersion = 10.1;
						TestTargetID = 3F4E608521E1F8E3004D48E9;
					};
				};
			};
			buildConfigurationList = 3F4E608121E1F8E3004D48E9 /* Build configuration list for PBXProject "ProvaS" */;
			compatibilityVersion = "Xcode 9.3";
			developmentRegion = en;
			hasScannedForEncodings = 0;
			knownRegions = (
				en,
				Base,
			);
			mainGroup = 3F4E607D21E1F8E3004D48E9;
			productRefGroup = 3F4E608721E1F8E3004D48E9 /* Products */;
			projectDirPath = "";
			projectRoot = "";
			targets = (
				3F4E608521E1F8E3004D48E9 /* ProvaS */,
				3F4E609D21E1F8E7004D48E9 /* ProvaSTests */,
				3F4E60A821E1F8E7004D48E9 /* ProvaSUITests */,
			);
		};
/* End PBXProject section */

/* Begin PBXResourcesBuildPhase section */
		3F4E608421E1F8E3004D48E9 /* Resources */ = {
			isa = PBXResourcesBuildPhase;
			buildActionMask = 2147483647;
			files = (
				3F4E609621E1F8E7004D48E9 /* LaunchScreen.storyboard in Resources */,
				3F4E609321E1F8E7004D48E9 /* Assets.xcassets in Resources */,
				3F4E609121E1F8E3004D48E9 /* Main.storyboard in Resources */,
			);
			runOnlyForDeploymentPostprocessing = 0;
		};
		3F4E609C21E1F8E7004D48E9 /* Resources */ = {
			isa = PBXResourcesBuildPhase;
			buildActionMask = 2147483647;
			files = (
			);
			runOnlyForDeploymentPostprocessing = 0;
		};
		3F4E60A721E1F8E7004D48E9 /* Resources */ = {
			isa = PBXResourcesBuildPhase;
			buildActionMask = 2147483647;
			files = (
			);
			runOnlyForDeploymentPostprocessing = 0;
		};
/* End PBXResourcesBuildPhase section */

/* Begin PBXSourcesBuildPhase section */
		3F4E608221E1F8E3004D48E9 /* Sources */ = {
			isa = PBXSourcesBuildPhase;
			buildActionMask = 2147483647;
			files = (
				3F4E608E21E1F8E3004D48E9 /* ViewController.m in Sources */,
				3F4E609921E1F8E7004D48E9 /* main.m in Sources */,
				3F4E608B21E1F8E3004D48E9 /* AppDelegate.m in Sources */,
			);
			runOnlyForDeploymentPostprocessing = 0;
		};
		3F4E609A21E1F8E7004D48E9 /* Sources */ = {
			isa = PBXSourcesBuildPhase;
			buildActionMask = 2147483647;
			files = (
				3F4E60A321E1F8E7004D48E9 /* ProvaSTests.m in Sources */,
			);
			runOnlyForDeploymentPostprocessing = 0;
		};
		3F4E60A521E1F8E7004D48E9 /* Sources */ = {
			isa = PBXSourcesBuildPhase;
			buildActionMask = 2147483647;
			files = (
				3F4E60AE21E1F8E7004D48E9 /* ProvaSUITests.m in Sources */,
			);
			runOnlyForDeploymentPostprocessing = 0;
		};
/* End PBXSourcesBuildPhase section */

/* Begin PBXTargetDependency section */
		3F4E60A021E1F8E7004D48E9 /* PBXTargetDependency */ = {
			isa = PBXTargetDependency;
			target = 3F4E608521E1F8E3004D48E9 /* ProvaS */;
			targetProxy = 3F4E609F21E1F8E7004D48E9 /* PBXContainerItemProxy */;
		};
		3F4E60AB21E1F8E7004D48E9 /* PBXTargetDependency */ = {
			isa = PBXTargetDependency;
			target = 3F4E608521E1F8E3004D48E9 /* ProvaS */;
			targetProxy = 3F4E60AA21E1F8E7004D48E9 /* PBXContainerItemProxy */;
		};
/* End PBXTargetDependency section */

/* Begin PBXVariantGroup section */
		3F4E608F21E1F8E3004D48E9 /* Main.storyboard */ = {
			isa = PBXVariantGroup;
			children = (
				3F4E609021E1F8E3004D48E9 /* Base */,
			);
			name = Main.storyboard;
			sourceTree = "<group>";
		};
		3F4E609421E1F8E7004D48E9 /* LaunchScreen.storyboard */ = {
			isa = PBXVariantGroup;
			children = (
				3F4E609521E1F8E7004D48E9 /* Base */,
			);
			name = LaunchScreen.storyboard;
			sourceTree = "<group>";
		};
/* End PBXVariantGroup section */

/* Begin XCBuildConfiguration section */
		3F4E60B021E1F8E7004D48E9 /* Debug */ = {
			isa = XCBuildConfiguration;
			buildSettings = {
				ALWAYS_SEARCH_USER_PATHS = NO;
				CLANG_ANALYZER_NONNULL = YES;
				CLANG_ANALYZER_NUMBER_OBJECT_CONVERSION = YES_AGGRESSIVE;
				CLANG_CXX_LANGUAGE_STANDARD = "gnu++14";
				CLANG_CXX_LIBRARY = "libc++";
				CLANG_ENABLE_MODULES = YES;
				CLANG_ENABLE_OBJC_ARC = YES;
				CLANG_ENABLE_OBJC_WEAK = YES;
				CLANG_WARN_BLOCK_CAPTURE_AUTORELEASING = YES;
				CLANG_WARN_BOOL_CONVERSION = YES;
				CLANG_WARN_COMMA = YES;
				CLANG_WARN_CONSTANT_CONVERSION = YES;
				CLANG_WARN_DEPRECATED_OBJC_IMPLEMENTATIONS = YES;
				CLANG_WARN_DIRECT_OBJC_ISA_USAGE = YES_ERROR;
				CLANG_WARN_DOCUMENTATION_COMMENTS = YES;
				CLANG_WARN_EMPTY_BODY = YES;
				CLANG_WARN_ENUM_CONVERSION = YES;
				CLANG_WARN_INFINITE_RECURSION = YES;
				CLANG_WARN_INT_CONVERSION = YES;
				CLANG_WARN_NON_LITERAL_NULL_CONVERSION = YES;
				CLANG_WARN_OBJC_IMPLICIT_RETAIN_SELF = YES;
				CLANG_WARN_OBJC_LITERAL_CONVERSION = YES;
				CLANG_WARN_OBJC_ROOT_CLASS = YES_ERROR;
				CLANG_WARN_RANGE_LOOP_ANALYSIS = YES;
				CLANG_WARN_STRICT_PROTOTYPES = YES;
				CLANG_WARN_SUSPICIOUS_MOVE = YES;
				CLANG_WARN_UNGUARDED_AVAILABILITY = YES_AGGRESSIVE;
				CLANG_WARN_UNREACHABLE_CODE = YES;
				CLANG_WARN__DUPLICATE_METHOD_MATCH = YES;
				CODE_SIGN_IDENTITY = "iPhone Developer";
				COPY_PHASE_STRIP = NO;
				DEBUG_INFORMATION_FORMAT = dwarf;
				ENABLE_STRICT_OBJC_MSGSEND = YES;
				ENABLE_TESTABILITY = YES;
				GCC_C_LANGUAGE_STANDARD = gnu11;
				GCC_DYNAMIC_NO_PIC = NO;
				GCC_NO_COMMON_BLOCKS = YES;
				GCC_OPTIMIZATION_LEVEL = 0;
				GCC_PREPROCESSOR_DEFINITIONS = (
					"DEBUG=1",
					"$(inherited)",
				);
				GCC_WARN_64_TO_32_BIT_CONVERSION = YES;
				GCC_WARN_ABOUT_RETURN_TYPE = YES_ERROR;
				GCC_WARN_UNDECLARED_SELECTOR = YES;
				GCC_WARN_UNINITIALIZED_AUTOS = YES_AGGRESSIVE;
				GCC_WARN_UNUSED_FUNCTION = YES;
				GCC_WARN_UNUSED_VARIABLE = YES;
				IPHONEOS_DEPLOYMENT_TARGET = 12.1;
				MTL_ENABLE_DEBUG_INFO = INCLUDE_SOURCE;
				MTL_FAST_MATH = YES;
				ONLY_ACTIVE_ARCH = YES;
				SDKROOT = iphoneos;
			};
			name = Debug;
		};
		3F4E60B121E1F8E7004D48E9 /* Release */ = {
			isa = XCBuildConfiguration;
			buildSettings = {
				ALWAYS_SEARCH_USER_PATHS = NO;
				CLANG_ANALYZER_NONNULL = YES;
				CLANG_ANALYZER_NUMBER_OBJECT_CONVERSION = YES_AGGRESSIVE;
				CLANG_CXX_LANGUAGE_STANDARD = "gnu++14";
				CLANG_CXX_LIBRARY = "libc++";
				CLANG_ENABLE_MODULES = YES;
				CLANG_ENABLE_OBJC_ARC = YES;
				CLANG_ENABLE_OBJC_WEAK = YES;
				CLANG_WARN_BLOCK_CAPTURE_AUTORELEASING = YES;
				CLANG_WARN_BOOL_CONVERSION = YES;
				CLANG_WARN_COMMA = YES;
				CLANG_WARN_CONSTANT_CONVERSION = YES;
				CLANG_WARN_DEPRECATED_OBJC_IMPLEMENTATIONS = YES;
				CLANG_WARN_DIRECT_OBJC_ISA_USAGE = YES_ERROR;
				CLANG_WARN_DOCUMENTATION_COMMENTS = YES;
				CLANG_WARN_EMPTY_BODY = YES;
				CLANG_WARN_ENUM_CONVERSION = YES;
				CLANG_WARN_INFINITE_RECURSION = YES;
				CLANG_WARN_INT_CONVERSION = YES;
				CLANG_WARN_NON_LITERAL_NULL_CONVERSION = YES;
				CLANG_WARN_OBJC_IMPLICIT_RETAIN_SELF = YES;
				CLANG_WARN_OBJC_LITERAL_CONVERSION = YES;
				CLANG_WARN_OBJC_ROOT_CLASS = YES_ERROR;
				CLANG_WARN_RANGE_LOOP_ANALYSIS = YES;
				CLANG_WARN_STRICT_PROTOTYPES = YES;
				CLANG_WARN_SUSPICIOUS_MOVE = YES;
				CLANG_WARN_UNGUARDED_AVAILABILITY = YES_AGGRESSIVE;
				CLANG_WARN_UNREACHABLE_CODE = YES;
				CLANG_WARN__DUPLICATE_METHOD_MATCH = YES;
				CODE_SIGN_IDENTITY = "iPhone Developer";
				COPY_PHASE_STRIP = NO;
				DEBUG_INFORMATION_FORMAT = "dwarf-with-dsym";
				ENABLE_NS_ASSERTIONS = NO;
				ENABLE_STRICT_OBJC_MSGSEND = YES;
				GCC_C_LANGUAGE_STANDARD = gnu11;
				GCC_NO_COMMON_BLOCKS = YES;
				GCC_WARN_64_TO_32_BIT_CONVERSION = YES;
				GCC_WARN_ABOUT_RETURN_TYPE = YES_ERROR;
				GCC_WARN_UNDECLARED_SELECTOR = YES;
				GCC_WARN_UNINITIALIZED_AUTOS = YES_AGGRESSIVE;
				GCC_WARN_UNUSED_FUNCTION = YES;
				GCC_WARN_UNUSED_VARIABLE = YES;
				IPHONEOS_DEPLOYMENT_TARGET = 12.1;
				MTL_ENABLE_DEBUG_INFO = NO;
				MTL_FAST_MATH = YES;
				SDKROOT = iphoneos;
				VALIDATE_PRODUCT = YES;
			};
			name = Release;
		};
		3F4E60B321E1F8E7004D48E9 /* Debug */ = {
			isa = XCBuildConfiguration;
			buildSettings = {
				ASSETCATALOG_COMPILER_APPICON_NAME = AppIcon;
				CODE_SIGN_STYLE = Automatic;
				DEVELOPMENT_TEAM = U847YAAMJ9;
				INFOPLIST_FILE = ProvaS/Info.plist;
				LD_RUNPATH_SEARCH_PATHS = (
					"$(inherited)",
					"@executable_path/Frameworks",
				);
				PRODUCT_BUNDLE_IDENTIFIER = br.com.mobilesapp.ProvaS;
				PRODUCT_NAME = "$(TARGET_NAME)";
				TARGETED_DEVICE_FAMILY = "1,2";
			};
			name = Debug;
		};
		3F4E60B421E1F8E7004D48E9 /* Release */ = {
			isa = XCBuildConfiguration;
			buildSettings = {
				ASSETCATALOG_COMPILER_APPICON_NAME = AppIcon;
				CODE_SIGN_STYLE = Automatic;
				DEVELOPMENT_TEAM = U847YAAMJ9;
				INFOPLIST_FILE = ProvaS/Info.plist;
				LD_RUNPATH_SEARCH_PATHS = (
					"$(inherited)",
					"@executable_path/Frameworks",
				);
				PRODUCT_BUNDLE_IDENTIFIER = br.com.mobilesapp.ProvaS;
				PRODUCT_NAME = "$(TARGET_NAME)";
				TARGETED_DEVICE_FAMILY = "1,2";
			};
			name = Release;
		};
		3F4E60B621E1F8E7004D48E9 /* Debug */ = {
			isa = XCBuildConfiguration;
			buildSettings = {
				BUNDLE_LOADER = "$(TEST_HOST)";
				CODE_SIGN_STYLE = Automatic;
				DEVELOPMENT_TEAM = U847YAAMJ9;
				INFOPLIST_FILE = ProvaSTests/Info.plist;
				LD_RUNPATH_SEARCH_PATHS = (
					"$(inherited)",
					"@executable_path/Frameworks",
					"@loader_path/Frameworks",
				);
				PRODUCT_BUNDLE_IDENTIFIER = br.com.mobilesapp.ProvaSTests;
				PRODUCT_NAME = "$(TARGET_NAME)";
				TARGETED_DEVICE_FAMILY = "1,2";
				TEST_HOST = "$(BUILT_PRODUCTS_DIR)/ProvaS.app/ProvaS";
			};
			name = Debug;
		};
		3F4E60B721E1F8E7004D48E9 /* Release */ = {
			isa = XCBuildConfiguration;
			buildSettings = {
				BUNDLE_LOADER = "$(TEST_HOST)";
				CODE_SIGN_STYLE = Automatic;
				DEVELOPMENT_TEAM = U847YAAMJ9;
				INFOPLIST_FILE = ProvaSTests/Info.plist;
				LD_RUNPATH_SEARCH_PATHS = (
					"$(inherited)",
					"@executable_path/Frameworks",
					"@loader_path/Frameworks",
				);
				PRODUCT_BUNDLE_IDENTIFIER = br.com.mobilesapp.ProvaSTests;
				PRODUCT_NAME = "$(TARGET_NAME)";
				TARGETED_DEVICE_FAMILY = "1,2";
				TEST_HOST = "$(BUILT_PRODUCTS_DIR)/ProvaS.app/ProvaS";
			};
			name = Release;
		};
		3F4E60B921E1F8E7004D48E9 /* Debug */ = {
			isa = XCBuildConfiguration;
			buildSettings = {
				CODE_SIGN_STYLE = Automatic;
				DEVELOPMENT_TEAM = U847YAAMJ9;
				INFOPLIST_FILE = ProvaSUITests/Info.plist;
				LD_RUNPATH_SEARCH_PATHS = (
					"$(inherited)",
					"@executable_path/Frameworks",
					"@loader_path/Frameworks",
				);
				PRODUCT_BUNDLE_IDENTIFIER = br.com.mobilesapp.ProvaSUITests;
				PRODUCT_NAME = "$(TARGET_NAME)";
				TARGETED_DEVICE_FAMILY = "1,2";
				TEST_TARGET_NAME = ProvaS;
			};
			name = Debug;
		};
		3F4E60BA21E1F8E7004D48E9 /* Release */ = {
			isa = XCBuildConfiguration;
			buildSettings = {
				CODE_SIGN_STYLE = Automatic;
				DEVELOPMENT_TEAM = U847YAAMJ9;
				INFOPLIST_FILE = ProvaSUITests/Info.plist;
				LD_RUNPATH_SEARCH_PATHS = (
					"$(inherited)",
					"@executable_path/Frameworks",
					"@loader_path/Frameworks",
				);
				PRODUCT_BUNDLE_IDENTIFIER = br.com.mobilesapp.ProvaSUITests;
				PRODUCT_NAME = "$(TARGET_NAME)";
				TARGETED_DEVICE_FAMILY = "1,2";
				TEST_TARGET_NAME = ProvaS;
			};
			name = Release;
		};
/* End XCBuildConfiguration section */

/* Begin XCConfigurationList section */
		3F4E608121E1F8E3004D48E9 /* Build configuration list for PBXProject "ProvaS" */ = {
			isa = XCConfigurationList;
			buildConfigurations = (
				3F4E60B021E1F8E7004D48E9 /* Debug */,
				3F4E60B121E1F8E7004D48E9 /* Release */,
			);
			defaultConfigurationIsVisible = 0;
			defaultConfigurationName = Release;
		};
		3F4E60B221E1F8E7004D48E9 /* Build configuration list for PBXNativeTarget "ProvaS" */ = {
			isa = XCConfigurationList;
			buildConfigurations = (
				3F4E60B321E1F8E7004D48E9 /* Debug */,
				3F4E60B421E1F8E7004D48E9 /* Release */,
			);
			defaultConfigurationIsVisible = 0;
			defaultConfigurationName = Release;
		};
		3F4E60B521E1F8E7004D48E9 /* Build configuration list for PBXNativeTarget "ProvaSTests" */ = {
			isa = XCConfigurationList;
			buildConfigurations = (
				3F4E60B621E1F8E7004D48E9 /* Debug */,
				3F4E60B721E1F8E7004D48E9 /* Release */,
			);
			defaultConfigurationIsVisible = 0;
			defaultConfigurationName = Release;
		};
		3F4E60B821E1F8E7004D48E9 /* Build configuration list for PBXNativeTarget "ProvaSUITests" */ = {
			isa = XCConfigurationList;
			buildConfigurations = (
				3F4E60B921E1F8E7004D48E9 /* Debug */,
				3F4E60BA21E1F8E7004D48E9 /* Release */,
			);
			defaultConfigurationIsVisible = 0;
			defaultConfigurationName = Release;
		};
/* End XCConfigurationList section */
	};
	rootObject = 3F4E607E21E1F8E3004D48E9 /* Project object */;
}
